
Microsoft Visual Studio Solution File, Format Version 12.00
# Visual Studio Version 17
VisualStudioVersion = 17.14.36623.8 d17.14
MinimumVisualStudioVersion = 10.0.40219.1
Project("{8BC9CEB8-8B4A-11D0-8D11-00A0C91BC942}") = "chessProject", "chessProject.vcxproj", "{BA57B88A-AC5F-4787-849E-E9C5117FC1D0}"
EndProject
Global
	GlobalSection(SolutionConfigurationPlatforms) = preSolution
		Debug|x64 = Debug|x64
		Debug|x86 = Debug|x86
		Release|x64 = Release|x64
		Release|x86 = Release|x86
	EndGlobalSection
	GlobalSection(ProjectConfigurationPlatforms) = postSolution
		{BA57B88A-AC5F-4787-849E-E9C5117FC1D0}.Debug|x64.ActiveCfg = Debug|x64
		{BA57B88A-AC5F-4787-849E-E9C5117FC1D0}.Debug|x64.Build.0 = Debug|x64
		{BA57B88A-AC5F-4787-849E-E9C5117FC1D0}.Debug|x86.ActiveCfg = Debug|Win32
		{BA57B88A-AC5F-4787-849E-E9C5117FC1D0}.Debug|x86.Build.0 = Debug|Win32
		{BA57B88A-AC5F-4787-849E-E9C5117FC1D0}.Release|x64.ActiveCfg = Release|x64
		{BA57B88A-AC5F-4787-849E-E9C5117FC1D0}.Release|x64.Build.0 = Release|x64
		{BA57B88A-AC5F-4787-849E-E9C5117FC1D0}.Release|x86.ActiveCfg = Release|Win32
		{BA57B88A-AC5F-4787-849E-E9C5117FC1D0}.Release|x86.Build.0 = Release|Win32
	EndGlobalSection
	GlobalSection(SolutionProperties) = preSolution
		HideSolutionNode = FALSE
	EndGlobalSection
	GlobalSection(ExtensibilityGlobals) = postSolution
		SolutionGuid = {92312DC6-8B53-4F3D-9A2E-5C44D2AB066E}
	EndGlobalSection
EndGlobal
